// !$*UTF8*$!
{
	archiveVersion = 1;
	classes = {
	};
	objectVersion = 48;
	objects = {

/* Begin PBXBuildFile section */
		155EBFE9D6E55F67593D4DF5 /* Pods_Thriving_Stones.framework in Frameworks */ = {isa = PBXBuildFile; fileRef = D268D61F6F2F371B581D55C8 /* Pods_Thriving_Stones.framework */; };
		BD3E60CB20F30BBD004ABA6F /* Launch Screen.storyboard in Resources */ = {isa = PBXBuildFile; fileRef = BD3E60CA20F30BBD004ABA6F /* Launch Screen.storyboard */; };
		BD3E60D120F310B4004ABA6F /* SplashViewController.swift in Sources */ = {isa = PBXBuildFile; fileRef = BD3E60D020F310B4004ABA6F /* SplashViewController.swift */; };
		BDA23DC320EF121F00A73858 /* AppDelegate.swift in Sources */ = {isa = PBXBuildFile; fileRef = BDA23DC220EF121F00A73858 /* AppDelegate.swift */; };
		BDA23DCA20EF121F00A73858 /* Assets.xcassets in Resources */ = {isa = PBXBuildFile; fileRef = BDA23DC920EF121F00A73858 /* Assets.xcassets */; };
		BDA23DD520EF15B600A73858 /* GoogleService-Info.plist in Resources */ = {isa = PBXBuildFile; fileRef = BDA23DD420EF15B600A73858 /* GoogleService-Info.plist */; };
		BDAB526020FC3B8C003DF134 /* LoginViewController.swift in Sources */ = {isa = PBXBuildFile; fileRef = BDAB525F20FC3B8C003DF134 /* LoginViewController.swift */; };
		BDAB526420FC8F7E003DF134 /* HomePageViewController.swift in Sources */ = {isa = PBXBuildFile; fileRef = BDAB526320FC8F7E003DF134 /* HomePageViewController.swift */; };
/* End PBXBuildFile section */

/* Begin PBXFileReference section */
		47503FE385E3756D8EABB047 /* Pods-Thriving Stones.release.xcconfig */ = {isa = PBXFileReference; includeInIndex = 1; lastKnownFileType = text.xcconfig; name = "Pods-Thriving Stones.release.xcconfig"; path = "Pods/Target Support Files/Pods-Thriving Stones/Pods-Thriving Stones.release.xcconfig"; sourceTree = "<group>"; };
		512B167CA9E9C6F5514A83A9 /* Pods-Thriving Stones.debug.xcconfig */ = {isa = PBXFileReference; includeInIndex = 1; lastKnownFileType = text.xcconfig; name = "Pods-Thriving Stones.debug.xcconfig"; path = "Pods/Target Support Files/Pods-Thriving Stones/Pods-Thriving Stones.debug.xcconfig"; sourceTree = "<group>"; };
		BD3E60CA20F30BBD004ABA6F /* Launch Screen.storyboard */ = {isa = PBXFileReference; lastKnownFileType = file.storyboard; path = "Launch Screen.storyboard"; sourceTree = "<group>"; };
		BD3E60D020F310B4004ABA6F /* SplashViewController.swift */ = {isa = PBXFileReference; fileEncoding = 4; lastKnownFileType = sourcecode.swift; path = SplashViewController.swift; sourceTree = "<group>"; };
		BDA23DBF20EF121F00A73858 /* Thriving Stones.app */ = {isa = PBXFileReference; explicitFileType = wrapper.application; includeInIndex = 0; path = "Thriving Stones.app"; sourceTree = BUILT_PRODUCTS_DIR; };
		BDA23DC220EF121F00A73858 /* AppDelegate.swift */ = {isa = PBXFileReference; lastKnownFileType = sourcecode.swift; path = AppDelegate.swift; sourceTree = "<group>"; };
		BDA23DC920EF121F00A73858 /* Assets.xcassets */ = {isa = PBXFileReference; lastKnownFileType = folder.assetcatalog; path = Assets.xcassets; sourceTree = "<group>"; };
		BDA23DCE20EF121F00A73858 /* Info.plist */ = {isa = PBXFileReference; lastKnownFileType = text.plist.xml; path = Info.plist; sourceTree = "<group>"; };
		BDA23DD420EF15B600A73858 /* GoogleService-Info.plist */ = {isa = PBXFileReference; fileEncoding = 4; lastKnownFileType = text.plist.xml; path = "GoogleService-Info.plist"; sourceTree = "<group>"; };
		BDAB525F20FC3B8C003DF134 /* LoginViewController.swift */ = {isa = PBXFileReference; lastKnownFileType = sourcecode.swift; path = LoginViewController.swift; sourceTree = "<group>"; };
		BDAB526320FC8F7E003DF134 /* HomePageViewController.swift */ = {isa = PBXFileReference; lastKnownFileType = sourcecode.swift; path = HomePageViewController.swift; sourceTree = "<group>"; };
		D268D61F6F2F371B581D55C8 /* Pods_Thriving_Stones.framework */ = {isa = PBXFileReference; explicitFileType = wrapper.framework; includeInIndex = 0; path = Pods_Thriving_Stones.framework; sourceTree = BUILT_PRODUCTS_DIR; };
/* End PBXFileReference section */

/* Begin PBXFrameworksBuildPhase section */
		BDA23DBC20EF121F00A73858 /* Frameworks */ = {
			isa = PBXFrameworksBuildPhase;
			buildActionMask = 2147483647;
			files = (
				155EBFE9D6E55F67593D4DF5 /* Pods_Thriving_Stones.framework in Frameworks */,
			);
			runOnlyForDeploymentPostprocessing = 0;
		};
/* End PBXFrameworksBuildPhase section */

/* Begin PBXGroup section */
		612439EE839A01F40B959CD6 /* Pods */ = {
			isa = PBXGroup;
			children = (
				512B167CA9E9C6F5514A83A9 /* Pods-Thriving Stones.debug.xcconfig */,
				47503FE385E3756D8EABB047 /* Pods-Thriving Stones.release.xcconfig */,
			);
			name = Pods;
			sourceTree = "<group>";
		};
		BDA23DB620EF121F00A73858 = {
			isa = PBXGroup;
			children = (
				BDA23DC120EF121F00A73858 /* Thriving Stones */,
				BDA23DC020EF121F00A73858 /* Products */,
				612439EE839A01F40B959CD6 /* Pods */,
				E77B21CB865BE688ED7219B3 /* Frameworks */,
			);
			sourceTree = "<group>";
		};
		BDA23DC020EF121F00A73858 /* Products */ = {
			isa = PBXGroup;
			children = (
				BDA23DBF20EF121F00A73858 /* Thriving Stones.app */,
			);
			name = Products;
			sourceTree = "<group>";
		};
		BDA23DC120EF121F00A73858 /* Thriving Stones */ = {
			isa = PBXGroup;
			children = (
				BDAB526320FC8F7E003DF134 /* HomePageViewController.swift */,
				BDAB525F20FC3B8C003DF134 /* LoginViewController.swift */,
				BD3E60D020F310B4004ABA6F /* SplashViewController.swift */,
				BDA23DD420EF15B600A73858 /* GoogleService-Info.plist */,
				BDA23DC220EF121F00A73858 /* AppDelegate.swift */,
				BD3E60CA20F30BBD004ABA6F /* Launch Screen.storyboard */,
				BDA23DC920EF121F00A73858 /* Assets.xcassets */,
				BDA23DCE20EF121F00A73858 /* Info.plist */,
			);
			path = "Thriving Stones";
			sourceTree = "<group>";
		};
		E77B21CB865BE688ED7219B3 /* Frameworks */ = {
			isa = PBXGroup;
			children = (
				D268D61F6F2F371B581D55C8 /* Pods_Thriving_Stones.framework */,
			);
			name = Frameworks;
			sourceTree = "<group>";
		};
/* End PBXGroup section */

/* Begin PBXNativeTarget section */
		BDA23DBE20EF121F00A73858 /* Thriving Stones */ = {
			isa = PBXNativeTarget;
			buildConfigurationList = BDA23DD120EF121F00A73858 /* Build configuration list for PBXNativeTarget "Thriving Stones" */;
			buildPhases = (
				4D025C6F9C309DD33E5EEDE6 /* [CP] Check Pods Manifest.lock */,
				BDA23DBB20EF121F00A73858 /* Sources */,
				BDA23DBC20EF121F00A73858 /* Frameworks */,
				BDA23DBD20EF121F00A73858 /* Resources */,
				B4B0713CF525B73EACC05722 /* [CP] Embed Pods Frameworks */,
			);
			buildRules = (
			);
			dependencies = (
			);
			name = "Thriving Stones";
			productName = "Thriving Stones";
			productReference = BDA23DBF20EF121F00A73858 /* Thriving Stones.app */;
			productType = "com.apple.product-type.application";
		};
/* End PBXNativeTarget section */

/* Begin PBXProject section */
		BDA23DB720EF121F00A73858 /* Project object */ = {
			isa = PBXProject;
			attributes = {
				LastSwiftUpdateCheck = 0920;
				LastUpgradeCheck = 0920;
				ORGANIZATIONNAME = "Team eXi";
				TargetAttributes = {
					BDA23DBE20EF121F00A73858 = {
						CreatedOnToolsVersion = 9.2;
						ProvisioningStyle = Automatic;
					};
				};
			};
			buildConfigurationList = BDA23DBA20EF121F00A73858 /* Build configuration list for PBXProject "Thriving Stones" */;
			compatibilityVersion = "Xcode 8.0";
			developmentRegion = en;
			hasScannedForEncodings = 0;
			knownRegions = (
				en,
				Base,
			);
			mainGroup = BDA23DB620EF121F00A73858;
			productRefGroup = BDA23DC020EF121F00A73858 /* Products */;
			projectDirPath = "";
			projectRoot = "";
			targets = (
				BDA23DBE20EF121F00A73858 /* Thriving Stones */,
			);
		};
/* End PBXProject section */

/* Begin PBXResourcesBuildPhase section */
		BDA23DBD20EF121F00A73858 /* Resources */ = {
			isa = PBXResourcesBuildPhase;
			buildActionMask = 2147483647;
			files = (
				BD3E60CB20F30BBD004ABA6F /* Launch Screen.storyboard in Resources */,
				BDA23DD520EF15B600A73858 /* GoogleService-Info.plist in Resources */,
				BDA23DCA20EF121F00A73858 /* Assets.xcassets in Resources */,
			);
			runOnlyForDeploymentPostprocessing = 0;
		};
/* End PBXResourcesBuildPhase section */

/* Begin PBXShellScriptBuildPhase section */
		4D025C6F9C309DD33E5EEDE6 /* [CP] Check Pods Manifest.lock */ = {
			isa = PBXShellScriptBuildPhase;
			buildActionMask = 2147483647;
			files = (
			);
			inputPaths = (
				"${PODS_PODFILE_DIR_PATH}/Podfile.lock",
				"${PODS_ROOT}/Manifest.lock",
			);
			name = "[CP] Check Pods Manifest.lock";
			outputPaths = (
				"$(DERIVED_FILE_DIR)/Pods-Thriving Stones-checkManifestLockResult.txt",
			);
			runOnlyForDeploymentPostprocessing = 0;
			shellPath = /bin/sh;
			shellScript = "diff \"${PODS_PODFILE_DIR_PATH}/Podfile.lock\" \"${PODS_ROOT}/Manifest.lock\" > /dev/null\nif [ $? != 0 ] ; then\n    # print error to STDERR\n    echo \"error: The sandbox is not in sync with the Podfile.lock. Run 'pod install' or update your CocoaPods installation.\" >&2\n    exit 1\nfi\n# This output is used by Xcode 'outputs' to avoid re-running this script phase.\necho \"SUCCESS\" > \"${SCRIPT_OUTPUT_FILE_0}\"\n";
			showEnvVarsInLog = 0;
		};
		B4B0713CF525B73EACC05722 /* [CP] Embed Pods Frameworks */ = {
			isa = PBXShellScriptBuildPhase;
			buildActionMask = 2147483647;
			files = (
			);
			inputPaths = (
				"${SRCROOT}/Pods/Target Support Files/Pods-Thriving Stones/Pods-Thriving Stones-frameworks.sh",
				"${BUILT_PRODUCTS_DIR}/GTMSessionFetcher/GTMSessionFetcher.framework",
				"${BUILT_PRODUCTS_DIR}/GoogleToolboxForMac/GoogleToolboxForMac.framework",
				"${BUILT_PRODUCTS_DIR}/Protobuf/Protobuf.framework",
				"${BUILT_PRODUCTS_DIR}/leveldb-library/leveldb.framework",
				"${BUILT_PRODUCTS_DIR}/nanopb/nanopb.framework",
			);
			name = "[CP] Embed Pods Frameworks";
			outputPaths = (
				"${TARGET_BUILD_DIR}/${FRAMEWORKS_FOLDER_PATH}/GTMSessionFetcher.framework",
				"${TARGET_BUILD_DIR}/${FRAMEWORKS_FOLDER_PATH}/GoogleToolboxForMac.framework",
				"${TARGET_BUILD_DIR}/${FRAMEWORKS_FOLDER_PATH}/Protobuf.framework",
				"${TARGET_BUILD_DIR}/${FRAMEWORKS_FOLDER_PATH}/leveldb.framework",
				"${TARGET_BUILD_DIR}/${FRAMEWORKS_FOLDER_PATH}/nanopb.framework",
			);
			runOnlyForDeploymentPostprocessing = 0;
			shellPath = /bin/sh;
			shellScript = "\"${SRCROOT}/Pods/Target Support Files/Pods-Thriving Stones/Pods-Thriving Stones-frameworks.sh\"\n";
			showEnvVarsInLog = 0;
		};
/* End PBXShellScriptBuildPhase section */

/* Begin PBXSourcesBuildPhase section */
		BDA23DBB20EF121F00A73858 /* Sources */ = {
			isa = PBXSourcesBuildPhase;
			buildActionMask = 2147483647;
			files = (
				BDAB526420FC8F7E003DF134 /* HomePageViewController.swift in Sources */,
				BDAB526020FC3B8C003DF134 /* LoginViewController.swift in Sources */,
				BDA23DC320EF121F00A73858 /* AppDelegate.swift in Sources */,
				BD3E60D120F310B4004ABA6F /* SplashViewController.swift in Sources */,
			);
			runOnlyForDeploymentPostprocessing = 0;
		};
/* End PBXSourcesBuildPhase section */

/* Begin XCBuildConfiguration section */
		BDA23DCF20EF121F00A73858 /* Debug */ = {
			isa = XCBuildConfiguration;
			buildSettings = {
				ALWAYS_SEARCH_USER_PATHS = NO;
				CLANG_ANALYZER_NONNULL = YES;
				CLANG_ANALYZER_NUMBER_OBJECT_CONVERSION = YES_AGGRESSIVE;
				CLANG_CXX_LANGUAGE_STANDARD = "gnu++14";
				CLANG_CXX_LIBRARY = "libc++";
				CLANG_ENABLE_MODULES = YES;
				CLANG_ENABLE_OBJC_ARC = YES;
				CLANG_WARN_BLOCK_CAPTURE_AUTORELEASING = YES;
				CLANG_WARN_BOOL_CONVERSION = YES;
				CLANG_WARN_COMMA = YES;
				CLANG_WARN_CONSTANT_CONVERSION = YES;
				CLANG_WARN_DIRECT_OBJC_ISA_USAGE = YES_ERROR;
				CLANG_WARN_DOCUMENTATION_COMMENTS = YES;
				CLANG_WARN_EMPTY_BODY = YES;
				CLANG_WARN_ENUM_CONVERSION = YES;
				CLANG_WARN_INFINITE_RECURSION = YES;
				CLANG_WARN_INT_CONVERSION = YES;
				CLANG_WARN_NON_LITERAL_NULL_CONVERSION = YES;
				CLANG_WARN_OBJC_LITERAL_CONVERSION = YES;
				CLANG_WARN_OBJC_ROOT_CLASS = YES_ERROR;
				CLANG_WARN_RANGE_LOOP_ANALYSIS = YES;
				CLANG_WARN_STRICT_PROTOTYPES = YES;
				CLANG_WARN_SUSPICIOUS_MOVE = YES;
				CLANG_WARN_UNGUARDED_AVAILABILITY = YES_AGGRESSIVE;
				CLANG_WARN_UNREACHABLE_CODE = YES;
				CLANG_WARN__DUPLICATE_METHOD_MATCH = YES;
				CODE_SIGN_IDENTITY = "iPhone Developer";
				COPY_PHASE_STRIP = NO;
				DEBUG_INFORMATION_FORMAT = dwarf;
				ENABLE_STRICT_OBJC_MSGSEND = YES;
				ENABLE_TESTABILITY = YES;
				GCC_C_LANGUAGE_STANDARD = gnu11;
				GCC_DYNAMIC_NO_PIC = NO;
				GCC_NO_COMMON_BLOCKS = YES;
				GCC_OPTIMIZATION_LEVEL = 0;
				GCC_PREPROCESSOR_DEFINITIONS = (
					"DEBUG=1",
					"$(inherited)",
				);
				GCC_WARN_64_TO_32_BIT_CONVERSION = YES;
				GCC_WARN_ABOUT_RETURN_TYPE = YES_ERROR;
				GCC_WARN_UNDECLARED_SELECTOR = YES;
				GCC_WARN_UNINITIALIZED_AUTOS = YES_AGGRESSIVE;
				GCC_WARN_UNUSED_FUNCTION = YES;
				GCC_WARN_UNUSED_VARIABLE = YES;
				IPHONEOS_DEPLOYMENT_TARGET = 11.2;
				MTL_ENABLE_DEBUG_INFO = YES;
				ONLY_ACTIVE_ARCH = YES;
				SDKROOT = iphoneos;
				SWIFT_ACTIVE_COMPILATION_CONDITIONS = DEBUG;
				SWIFT_OPTIMIZATION_LEVEL = "-Onone";
			};
			name = Debug;
		};
		BDA23DD020EF121F00A73858 /* Release */ = {
			isa = XCBuildConfiguration;
			buildSettings = {
				ALWAYS_SEARCH_USER_PATHS = NO;
				CLANG_ANALYZER_NONNULL = YES;
				CLANG_ANALYZER_NUMBER_OBJECT_CONVERSION = YES_AGGRESSIVE;
				CLANG_CXX_LANGUAGE_STANDARD = "gnu++14";
				CLANG_CXX_LIBRARY = "libc++";
				CLANG_ENABLE_MODULES = YES;
				CLANG_ENABLE_OBJC_ARC = YES;
				CLANG_WARN_BLOCK_CAPTURE_AUTORELEASING = YES;
				CLANG_WARN_BOOL_CONVERSION = YES;
				CLANG_WARN_COMMA = YES;
				CLANG_WARN_CONSTANT_CONVERSION = YES;
				CLANG_WARN_DIRECT_OBJC_ISA_USAGE = YES_ERROR;
				CLANG_WARN_DOCUMENTATION_COMMENTS = YES;
				CLANG_WARN_EMPTY_BODY = YES;
				CLANG_WARN_ENUM_CONVERSION = YES;
				CLANG_WARN_INFINITE_RECURSION = YES;
				CLANG_WARN_INT_CONVERSION = YES;
				CLANG_WARN_NON_LITERAL_NULL_CONVERSION = YES;
				CLANG_WARN_OBJC_LITERAL_CONVERSION = YES;
				CLANG_WARN_OBJC_ROOT_CLASS = YES_ERROR;
				CLANG_WARN_RANGE_LOOP_ANALYSIS = YES;
				CLANG_WARN_STRICT_PROTOTYPES = YES;
				CLANG_WARN_SUSPICIOUS_MOVE = YES;
				CLANG_WARN_UNGUARDED_AVAILABILITY = YES_AGGRESSIVE;
				CLANG_WARN_UNREACHABLE_CODE = YES;
				CLANG_WARN__DUPLICATE_METHOD_MATCH = YES;
				CODE_SIGN_IDENTITY = "iPhone Developer";
				COPY_PHASE_STRIP = NO;
				DEBUG_INFORMATION_FORMAT = "dwarf-with-dsym";
				ENABLE_NS_ASSERTIONS = NO;
				ENABLE_STRICT_OBJC_MSGSEND = YES;
				GCC_C_LANGUAGE_STANDARD = gnu11;
				GCC_NO_COMMON_BLOCKS = YES;
				GCC_WARN_64_TO_32_BIT_CONVERSION = YES;
				GCC_WARN_ABOUT_RETURN_TYPE = YES_ERROR;
				GCC_WARN_UNDECLARED_SELECTOR = YES;
				GCC_WARN_UNINITIALIZED_AUTOS = YES_AGGRESSIVE;
				GCC_WARN_UNUSED_FUNCTION = YES;
				GCC_WARN_UNUSED_VARIABLE = YES;
				IPHONEOS_DEPLOYMENT_TARGET = 11.2;
				MTL_ENABLE_DEBUG_INFO = NO;
				SDKROOT = iphoneos;
				SWIFT_OPTIMIZATION_LEVEL = "-Owholemodule";
				VALIDATE_PRODUCT = YES;
			};
			name = Release;
		};
		BDA23DD220EF121F00A73858 /* Debug */ = {
			isa = XCBuildConfiguration;
			baseConfigurationReference = 512B167CA9E9C6F5514A83A9 /* Pods-Thriving Stones.debug.xcconfig */;
			buildSettings = {
				ASSETCATALOG_COMPILER_APPICON_NAME = AppIcon;
				ASSETCATALOG_COMPILER_LAUNCHIMAGE_NAME = LaunchImage;
				CODE_SIGN_STYLE = Automatic;
				INFOPLIST_FILE = "Thriving Stones/Info.plist";
				LD_RUNPATH_SEARCH_PATHS = "$(inherited) @executable_path/Frameworks";
				PRODUCT_BUNDLE_IDENTIFIER = "com.teamexi.Thriving-Stones";
				PRODUCT_NAME = "$(TARGET_NAME)";
				SWIFT_VERSION = 4.0;
				TARGETED_DEVICE_FAMILY = "1,2";
			};
			name = Debug;
		};
		BDA23DD320EF121F00A73858 /* Release */ = {
			isa = XCBuildConfiguration;
			baseConfigurationReference = 47503FE385E3756D8EABB047 /* Pods-Thriving Stones.release.xcconfig */;
			buildSettings = {
				ASSETCATALOG_COMPILER_APPICON_NAME = AppIcon;
				ASSETCATALOG_COMPILER_LAUNCHIMAGE_NAME = LaunchImage;
				CODE_SIGN_STYLE = Automatic;
				INFOPLIST_FILE = "Thriving Stones/Info.plist";
				LD_RUNPATH_SEARCH_PATHS = "$(inherited) @executable_path/Frameworks";
				PRODUCT_BUNDLE_IDENTIFIER = "com.teamexi.Thriving-Stones";
				PRODUCT_NAME = "$(TARGET_NAME)";
				SWIFT_VERSION = 4.0;
				TARGETED_DEVICE_FAMILY = "1,2";
			};
			name = Release;
		};
/* End XCBuildConfiguration section */

/* Begin XCConfigurationList section */
		BDA23DBA20EF121F00A73858 /* Build configuration list for PBXProject "Thriving Stones" */ = {
			isa = XCConfigurationList;
			buildConfigurations = (
				BDA23DCF20EF121F00A73858 /* Debug */,
				BDA23DD020EF121F00A73858 /* Release */,
			);
			defaultConfigurationIsVisible = 0;
			defaultConfigurationName = Release;
		};
		BDA23DD120EF121F00A73858 /* Build configuration list for PBXNativeTarget "Thriving Stones" */ = {
			isa = XCConfigurationList;
			buildConfigurations = (
				BDA23DD220EF121F00A73858 /* Debug */,
				BDA23DD320EF121F00A73858 /* Release */,
			);
			defaultConfigurationIsVisible = 0;
			defaultConfigurationName = Release;
		};
/* End XCConfigurationList section */
	};
	rootObject = BDA23DB720EF121F00A73858 /* Project object */;
}
